
Microsoft Visual Studio Solution File, Format Version 12.00
# Visual Studio Version 17
VisualStudioVersion = 17.3.32922.545
MinimumVisualStudioVersion = 10.0.40219.1
Project("{2150E333-8FDC-42A3-9474-1A3956D46DE8}") = "GloveGraphics", "GloveGraphics", "{0E3E6DDA-0A6C-4857-954D-3846F5B47B58}"
EndProject
Project("{FAE04EC0-301F-11D3-BF4B-00C04F79EFBC}") = "GloveForms", "GloveForms\GloveForms.csproj", "{0EF2AE14-7D11-4568-930C-01D8F7703EDE}"
EndProject
Project("{2150E333-8FDC-42A3-9474-1A3956D46DE8}") = "GloveDatabase", "GloveDatabase", "{BC999C9E-D2C6-4A02-A51E-1FB8D5257C07}"
EndProject
Project("{9A19103F-16F7-4668-BE54-9A1E7A4F7556}") = "GloveQueries", "GloveQueries\GloveQueries.csproj", "{1F74D8E5-C9B3-4DD0-A1A8-2FEF8B180599}"
EndProject
Project("{2150E333-8FDC-42A3-9474-1A3956D46DE8}") = "GloveEntities", "GloveEntities", "{DFADC69A-9C6E-4FE8-9EE8-6826FCD1763A}"
EndProject
Project("{9A19103F-16F7-4668-BE54-9A1E7A4F7556}") = "GloveClasses", "GloveClasses\GloveClasses.csproj", "{284C8E0B-9C9F-4B14-A259-64511B1AF831}"
EndProject
Project("{FAE04EC0-301F-11D3-BF4B-00C04F79EFBC}") = "GloveInterfaces", "GloveInterfaces\GloveInterfaces.csproj", "{0A93B988-A0F4-4DC2-9CCD-0D0E89091A18}"
EndProject
Global
	GlobalSection(SolutionConfigurationPlatforms) = preSolution
		Debug|Any CPU = Debug|Any CPU
		Release|Any CPU = Release|Any CPU
	EndGlobalSection
	GlobalSection(ProjectConfigurationPlatforms) = postSolution
		{0EF2AE14-7D11-4568-930C-01D8F7703EDE}.Debug|Any CPU.ActiveCfg = Debug|Any CPU
		{0EF2AE14-7D11-4568-930C-01D8F7703EDE}.Debug|Any CPU.Build.0 = Debug|Any CPU
		{0EF2AE14-7D11-4568-930C-01D8F7703EDE}.Release|Any CPU.ActiveCfg = Release|Any CPU
		{0EF2AE14-7D11-4568-930C-01D8F7703EDE}.Release|Any CPU.Build.0 = Release|Any CPU
		{1F74D8E5-C9B3-4DD0-A1A8-2FEF8B180599}.Debug|Any CPU.ActiveCfg = Debug|Any CPU
		{1F74D8E5-C9B3-4DD0-A1A8-2FEF8B180599}.Debug|Any CPU.Build.0 = Debug|Any CPU
		{1F74D8E5-C9B3-4DD0-A1A8-2FEF8B180599}.Release|Any CPU.ActiveCfg = Release|Any CPU
		{1F74D8E5-C9B3-4DD0-A1A8-2FEF8B180599}.Release|Any CPU.Build.0 = Release|Any CPU
		{284C8E0B-9C9F-4B14-A259-64511B1AF831}.Debug|Any CPU.ActiveCfg = Debug|Any CPU
		{284C8E0B-9C9F-4B14-A259-64511B1AF831}.Debug|Any CPU.Build.0 = Debug|Any CPU
		{284C8E0B-9C9F-4B14-A259-64511B1AF831}.Release|Any CPU.ActiveCfg = Release|Any CPU
		{284C8E0B-9C9F-4B14-A259-64511B1AF831}.Release|Any CPU.Build.0 = Release|Any CPU
		{0A93B988-A0F4-4DC2-9CCD-0D0E89091A18}.Debug|Any CPU.ActiveCfg = Debug|Any CPU
		{0A93B988-A0F4-4DC2-9CCD-0D0E89091A18}.Debug|Any CPU.Build.0 = Debug|Any CPU
		{0A93B988-A0F4-4DC2-9CCD-0D0E89091A18}.Release|Any CPU.ActiveCfg = Release|Any CPU
		{0A93B988-A0F4-4DC2-9CCD-0D0E89091A18}.Release|Any CPU.Build.0 = Release|Any CPU
	EndGlobalSection
	GlobalSection(SolutionProperties) = preSolution
		HideSolutionNode = FALSE
	EndGlobalSection
	GlobalSection(NestedProjects) = preSolution
		{0EF2AE14-7D11-4568-930C-01D8F7703EDE} = {0E3E6DDA-0A6C-4857-954D-3846F5B47B58}
		{1F74D8E5-C9B3-4DD0-A1A8-2FEF8B180599} = {BC999C9E-D2C6-4A02-A51E-1FB8D5257C07}
		{284C8E0B-9C9F-4B14-A259-64511B1AF831} = {DFADC69A-9C6E-4FE8-9EE8-6826FCD1763A}
		{0A93B988-A0F4-4DC2-9CCD-0D0E89091A18} = {DFADC69A-9C6E-4FE8-9EE8-6826FCD1763A}
	EndGlobalSection
	GlobalSection(ExtensibilityGlobals) = postSolution
		SolutionGuid = {D4B208AA-B56F-47BB-8C71-56AD11BCA185}
	EndGlobalSection
EndGlobal
